// !$*UTF8*$!
{
	archiveVersion = 1;
	classes = {
	};
	objectVersion = 48;
	objects = {

/* Begin PBXBuildFile section */
		EB10B7381DF0D006000CCB01 /* GridMapKitTests.swift in Sources */ = {isa = PBXBuildFile; fileRef = EB10B7371DF0D006000CCB01 /* GridMapKitTests.swift */; };
		EB10B73A1DF0D006000CCB01 /* GridMapKit.h in Headers */ = {isa = PBXBuildFile; fileRef = EB10B72C1DF0D006000CCB01 /* GridMapKit.h */; settings = {ATTRIBUTES = (Public, ); }; };
		EB32A5191DF43AFB005C5E94 /* GMLayer.swift in Sources */ = {isa = PBXBuildFile; fileRef = EB32A5181DF43AFB005C5E94 /* GMLayer.swift */; };
		EB3AA7451DF83451005373DA /* GMRegion.swift in Sources */ = {isa = PBXBuildFile; fileRef = EB3AA7441DF83451005373DA /* GMRegion.swift */; };
		EB3AA7471DF8356E005373DA /* GMPathFinder.swift in Sources */ = {isa = PBXBuildFile; fileRef = EB3AA7461DF8356E005373DA /* GMPathFinder.swift */; };
		EB3AA7491DF8364F005373DA /* GMDirection.swift in Sources */ = {isa = PBXBuildFile; fileRef = EB3AA7481DF8364F005373DA /* GMDirection.swift */; };
		EB3AA74D1DF98575005373DA /* GMAgent.swift in Sources */ = {isa = PBXBuildFile; fileRef = EB3AA74C1DF98575005373DA /* GMAgent.swift */; };
		EB9680371DF1CC140087DC6D /* GMTile.swift in Sources */ = {isa = PBXBuildFile; fileRef = EB9680361DF1CC140087DC6D /* GMTile.swift */; };
		EB96803E1DF1D91A0087DC6D /* GridMapKit.framework in Frameworks */ = {isa = PBXBuildFile; fileRef = EB10B7291DF0D006000CCB01 /* GridMapKit.framework */; };
/* End PBXBuildFile section */

/* Begin PBXContainerItemProxy section */
		EB10B7341DF0D006000CCB01 /* PBXContainerItemProxy */ = {
			isa = PBXContainerItemProxy;
			containerPortal = EB10B7201DF0D006000CCB01 /* Project object */;
			proxyType = 1;
			remoteGlobalIDString = EB10B7281DF0D006000CCB01;
			remoteInfo = GridMapKit;
		};
/* End PBXContainerItemProxy section */

/* Begin PBXFileReference section */
		EB10B7291DF0D006000CCB01 /* GridMapKit.framework */ = {isa = PBXFileReference; explicitFileType = wrapper.framework; includeInIndex = 0; path = GridMapKit.framework; sourceTree = BUILT_PRODUCTS_DIR; };
		EB10B72C1DF0D006000CCB01 /* GridMapKit.h */ = {isa = PBXFileReference; lastKnownFileType = sourcecode.c.h; path = GridMapKit.h; sourceTree = "<group>"; };
		EB10B72D1DF0D006000CCB01 /* Info.plist */ = {isa = PBXFileReference; lastKnownFileType = text.plist.xml; path = Info.plist; sourceTree = "<group>"; };
		EB10B7321DF0D006000CCB01 /* GridMapKitTests.xctest */ = {isa = PBXFileReference; explicitFileType = wrapper.cfbundle; includeInIndex = 0; path = GridMapKitTests.xctest; sourceTree = BUILT_PRODUCTS_DIR; };
		EB10B7371DF0D006000CCB01 /* GridMapKitTests.swift */ = {isa = PBXFileReference; lastKnownFileType = sourcecode.swift; path = GridMapKitTests.swift; sourceTree = "<group>"; };
		EB10B7391DF0D006000CCB01 /* Info.plist */ = {isa = PBXFileReference; lastKnownFileType = text.plist.xml; path = Info.plist; sourceTree = "<group>"; };
		EB32A5181DF43AFB005C5E94 /* GMLayer.swift */ = {isa = PBXFileReference; fileEncoding = 4; lastKnownFileType = sourcecode.swift; path = GMLayer.swift; sourceTree = "<group>"; };
		EB3AA7441DF83451005373DA /* GMRegion.swift */ = {isa = PBXFileReference; fileEncoding = 4; lastKnownFileType = sourcecode.swift; path = GMRegion.swift; sourceTree = "<group>"; };
		EB3AA7461DF8356E005373DA /* GMPathFinder.swift */ = {isa = PBXFileReference; fileEncoding = 4; lastKnownFileType = sourcecode.swift; path = GMPathFinder.swift; sourceTree = "<group>"; };
		EB3AA7481DF8364F005373DA /* GMDirection.swift */ = {isa = PBXFileReference; fileEncoding = 4; lastKnownFileType = sourcecode.swift; path = GMDirection.swift; sourceTree = "<group>"; };
		EB3AA74C1DF98575005373DA /* GMAgent.swift */ = {isa = PBXFileReference; fileEncoding = 4; lastKnownFileType = sourcecode.swift; path = GMAgent.swift; sourceTree = "<group>"; };
		EB9680361DF1CC140087DC6D /* GMTile.swift */ = {isa = PBXFileReference; fileEncoding = 4; lastKnownFileType = sourcecode.swift; path = GMTile.swift; sourceTree = "<group>"; };
/* End PBXFileReference section */

/* Begin PBXFrameworksBuildPhase section */
		EB10B7251DF0D006000CCB01 /* Frameworks */ = {
			isa = PBXFrameworksBuildPhase;
			buildActionMask = 2147483647;
			files = (
			);
			runOnlyForDeploymentPostprocessing = 0;
		};
		EB10B72F1DF0D006000CCB01 /* Frameworks */ = {
			isa = PBXFrameworksBuildPhase;
			buildActionMask = 2147483647;
			files = (
				EB96803E1DF1D91A0087DC6D /* GridMapKit.framework in Frameworks */,
			);
			runOnlyForDeploymentPostprocessing = 0;
		};
/* End PBXFrameworksBuildPhase section */

/* Begin PBXGroup section */
		EB10B71F1DF0D006000CCB01 = {
			isa = PBXGroup;
			children = (
				EB10B72B1DF0D006000CCB01 /* GridMapKit */,
				EB10B7361DF0D006000CCB01 /* GridMapKitTests */,
				EB10B72A1DF0D006000CCB01 /* Products */,
			);
			sourceTree = "<group>";
		};
		EB10B72A1DF0D006000CCB01 /* Products */ = {
			isa = PBXGroup;
			children = (
				EB10B7291DF0D006000CCB01 /* GridMapKit.framework */,
				EB10B7321DF0D006000CCB01 /* GridMapKitTests.xctest */,
			);
			name = Products;
			sourceTree = "<group>";
		};
		EB10B72B1DF0D006000CCB01 /* GridMapKit */ = {
			isa = PBXGroup;
			children = (
				EB3AA7441DF83451005373DA /* GMRegion.swift */,
				EB3AA7461DF8356E005373DA /* GMPathFinder.swift */,
				EB3AA74C1DF98575005373DA /* GMAgent.swift */,
				EB3AA7481DF8364F005373DA /* GMDirection.swift */,
				EB10B72C1DF0D006000CCB01 /* GridMapKit.h */,
				EB10B72D1DF0D006000CCB01 /* Info.plist */,
				EB9680361DF1CC140087DC6D /* GMTile.swift */,
				EB32A5181DF43AFB005C5E94 /* GMLayer.swift */,
			);
			path = GridMapKit;
			sourceTree = "<group>";
		};
		EB10B7361DF0D006000CCB01 /* GridMapKitTests */ = {
			isa = PBXGroup;
			children = (
				EB10B7371DF0D006000CCB01 /* GridMapKitTests.swift */,
				EB10B7391DF0D006000CCB01 /* Info.plist */,
			);
			path = GridMapKitTests;
			sourceTree = "<group>";
		};
/* End PBXGroup section */

/* Begin PBXHeadersBuildPhase section */
		EB10B7261DF0D006000CCB01 /* Headers */ = {
			isa = PBXHeadersBuildPhase;
			buildActionMask = 2147483647;
			files = (
				EB10B73A1DF0D006000CCB01 /* GridMapKit.h in Headers */,
			);
			runOnlyForDeploymentPostprocessing = 0;
		};
/* End PBXHeadersBuildPhase section */

/* Begin PBXNativeTarget section */
		EB10B7281DF0D006000CCB01 /* GridMapKit */ = {
			isa = PBXNativeTarget;
			buildConfigurationList = EB10B73D1DF0D006000CCB01 /* Build configuration list for PBXNativeTarget "GridMapKit" */;
			buildPhases = (
				EB10B7241DF0D006000CCB01 /* Sources */,
				EB10B7251DF0D006000CCB01 /* Frameworks */,
				EB10B7261DF0D006000CCB01 /* Headers */,
				EB10B7271DF0D006000CCB01 /* Resources */,
				EB9680351DF1CABB0087DC6D /* ShellScript */,
			);
			buildRules = (
			);
			dependencies = (
			);
			name = GridMapKit;
			productName = GridMapKit;
			productReference = EB10B7291DF0D006000CCB01 /* GridMapKit.framework */;
			productType = "com.apple.product-type.framework";
		};
		EB10B7311DF0D006000CCB01 /* GridMapKitTests */ = {
			isa = PBXNativeTarget;
			buildConfigurationList = EB10B7401DF0D006000CCB01 /* Build configuration list for PBXNativeTarget "GridMapKitTests" */;
			buildPhases = (
				EB10B72E1DF0D006000CCB01 /* Sources */,
				EB10B72F1DF0D006000CCB01 /* Frameworks */,
				EB10B7301DF0D006000CCB01 /* Resources */,
			);
			buildRules = (
			);
			dependencies = (
				EB10B7351DF0D006000CCB01 /* PBXTargetDependency */,
			);
			name = GridMapKitTests;
			productName = GridMapKitTests;
			productReference = EB10B7321DF0D006000CCB01 /* GridMapKitTests.xctest */;
			productType = "com.apple.product-type.bundle.unit-test";
		};
/* End PBXNativeTarget section */

/* Begin PBXProject section */
		EB10B7201DF0D006000CCB01 /* Project object */ = {
			isa = PBXProject;
			attributes = {
				CLASSPREFIX = GM;
				LastSwiftUpdateCheck = 0810;
				LastUpgradeCheck = 0810;
				ORGANIZATIONNAME = "Calle Englund";
				TargetAttributes = {
					EB10B7281DF0D006000CCB01 = {
						CreatedOnToolsVersion = 8.1;
						LastSwiftMigration = 0810;
						ProvisioningStyle = Automatic;
					};
					EB10B7311DF0D006000CCB01 = {
						CreatedOnToolsVersion = 8.1;
						ProvisioningStyle = Automatic;
					};
				};
			};
			buildConfigurationList = EB10B7231DF0D006000CCB01 /* Build configuration list for PBXProject "GridMapKit" */;
			compatibilityVersion = "Xcode 8.0";
			developmentRegion = English;
			hasScannedForEncodings = 0;
			knownRegions = (
				en,
			);
			mainGroup = EB10B71F1DF0D006000CCB01;
			productRefGroup = EB10B72A1DF0D006000CCB01 /* Products */;
			projectDirPath = "";
			projectRoot = "";
			targets = (
				EB10B7281DF0D006000CCB01 /* GridMapKit */,
				EB10B7311DF0D006000CCB01 /* GridMapKitTests */,
			);
		};
/* End PBXProject section */

/* Begin PBXResourcesBuildPhase section */
		EB10B7271DF0D006000CCB01 /* Resources */ = {
			isa = PBXResourcesBuildPhase;
			buildActionMask = 2147483647;
			files = (
			);
			runOnlyForDeploymentPostprocessing = 0;
		};
		EB10B7301DF0D006000CCB01 /* Resources */ = {
			isa = PBXResourcesBuildPhase;
			buildActionMask = 2147483647;
			files = (
			);
			runOnlyForDeploymentPostprocessing = 0;
		};
/* End PBXResourcesBuildPhase section */

/* Begin PBXShellScriptBuildPhase section */
		EB9680351DF1CABB0087DC6D /* ShellScript */ = {
			isa = PBXShellScriptBuildPhase;
			buildActionMask = 2147483647;
			files = (
			);
			inputPaths = (
			);
			outputPaths = (
			);
			runOnlyForDeploymentPostprocessing = 0;
			shellPath = /bin/sh;
			shellScript = "gitcount=$(git rev-list HEAD --count)\ngitrevid=$(git rev-parse --short HEAD)\ngitdiffs=$(git diff|wc -l)\nappbuild=$(printf \"%d.%d-%07x\" $gitcount $gitdiffs 0x$gitrevid)\n/usr/libexec/PlistBuddy -c \"Set :CFBundleVersion $appbuild\" \"${TARGET_BUILD_DIR}/${INFOPLIST_PATH}\"\n/usr/libexec/PlistBuddy -c \"Set :CFBundleVersion $appbuild\" \"${BUILT_PRODUCTS_DIR}/${WRAPPER_NAME}.dSYM/Contents/Info.plist\" || true";
		};
/* End PBXShellScriptBuildPhase section */

/* Begin PBXSourcesBuildPhase section */
		EB10B7241DF0D006000CCB01 /* Sources */ = {
			isa = PBXSourcesBuildPhase;
			buildActionMask = 2147483647;
			files = (
				EB3AA7451DF83451005373DA /* GMRegion.swift in Sources */,
				EB3AA7471DF8356E005373DA /* GMPathFinder.swift in Sources */,
				EB3AA74D1DF98575005373DA /* GMAgent.swift in Sources */,
				EB32A5191DF43AFB005C5E94 /* GMLayer.swift in Sources */,
				EB9680371DF1CC140087DC6D /* GMTile.swift in Sources */,
				EB3AA7491DF8364F005373DA /* GMDirection.swift in Sources */,
			);
			runOnlyForDeploymentPostprocessing = 0;
		};
		EB10B72E1DF0D006000CCB01 /* Sources */ = {
			isa = PBXSourcesBuildPhase;
			buildActionMask = 2147483647;
			files = (
				EB10B7381DF0D006000CCB01 /* GridMapKitTests.swift in Sources */,
			);
			runOnlyForDeploymentPostprocessing = 0;
		};
/* End PBXSourcesBuildPhase section */

/* Begin PBXTargetDependency section */
		EB10B7351DF0D006000CCB01 /* PBXTargetDependency */ = {
			isa = PBXTargetDependency;
			target = EB10B7281DF0D006000CCB01 /* GridMapKit */;
			targetProxy = EB10B7341DF0D006000CCB01 /* PBXContainerItemProxy */;
		};
/* End PBXTargetDependency section */

/* Begin XCBuildConfiguration section */
		EB10B73B1DF0D006000CCB01 /* Debug */ = {
			isa = XCBuildConfiguration;
			buildSettings = {
				ALWAYS_SEARCH_USER_PATHS = NO;
				CLANG_ANALYZER_NONNULL = YES;
				CLANG_CXX_LANGUAGE_STANDARD = "gnu++0x";
				CLANG_CXX_LIBRARY = "libc++";
				CLANG_ENABLE_MODULES = YES;
				CLANG_ENABLE_OBJC_ARC = YES;
				CLANG_WARN_BOOL_CONVERSION = YES;
				CLANG_WARN_CONSTANT_CONVERSION = YES;
				CLANG_WARN_DIRECT_OBJC_ISA_USAGE = YES_ERROR;
				CLANG_WARN_DOCUMENTATION_COMMENTS = YES;
				CLANG_WARN_EMPTY_BODY = YES;
				CLANG_WARN_ENUM_CONVERSION = YES;
				CLANG_WARN_INFINITE_RECURSION = YES;
				CLANG_WARN_INT_CONVERSION = YES;
				CLANG_WARN_OBJC_ROOT_CLASS = YES_ERROR;
				CLANG_WARN_SUSPICIOUS_MOVES = YES;
				CLANG_WARN_UNREACHABLE_CODE = YES;
				CLANG_WARN__DUPLICATE_METHOD_MATCH = YES;
				"CODE_SIGN_IDENTITY[sdk=iphoneos*]" = "iPhone Developer";
				COPY_PHASE_STRIP = NO;
				CURRENT_PROJECT_VERSION = 1;
				DEBUG_INFORMATION_FORMAT = dwarf;
				ENABLE_STRICT_OBJC_MSGSEND = YES;
				ENABLE_TESTABILITY = YES;
				GCC_C_LANGUAGE_STANDARD = gnu99;
				GCC_DYNAMIC_NO_PIC = NO;
				GCC_NO_COMMON_BLOCKS = YES;
				GCC_OPTIMIZATION_LEVEL = 0;
				GCC_PREPROCESSOR_DEFINITIONS = (
					"DEBUG=1",
					"$(inherited)",
				);
				GCC_WARN_64_TO_32_BIT_CONVERSION = YES;
				GCC_WARN_ABOUT_RETURN_TYPE = YES_ERROR;
				GCC_WARN_UNDECLARED_SELECTOR = YES;
				GCC_WARN_UNINITIALIZED_AUTOS = YES_AGGRESSIVE;
				GCC_WARN_UNUSED_FUNCTION = YES;
				GCC_WARN_UNUSED_VARIABLE = YES;
				IPHONEOS_DEPLOYMENT_TARGET = 10.1;
				MTL_ENABLE_DEBUG_INFO = YES;
				ONLY_ACTIVE_ARCH = YES;
				SDKROOT = iphoneos;
				SWIFT_ACTIVE_COMPILATION_CONDITIONS = DEBUG;
				SWIFT_OPTIMIZATION_LEVEL = "-Onone";
				TARGETED_DEVICE_FAMILY = "1,2";
				VERSIONING_SYSTEM = "apple-generic";
				VERSION_INFO_PREFIX = "";
			};
			name = Debug;
		};
		EB10B73C1DF0D006000CCB01 /* Release */ = {
			isa = XCBuildConfiguration;
			buildSettings = {
				ALWAYS_SEARCH_USER_PATHS = NO;
				CLANG_ANALYZER_NONNULL = YES;
				CLANG_CXX_LANGUAGE_STANDARD = "gnu++0x";
				CLANG_CXX_LIBRARY = "libc++";
				CLANG_ENABLE_MODULES = YES;
				CLANG_ENABLE_OBJC_ARC = YES;
				CLANG_WARN_BOOL_CONVERSION = YES;
				CLANG_WARN_CONSTANT_CONVERSION = YES;
				CLANG_WARN_DIRECT_OBJC_ISA_USAGE = YES_ERROR;
				CLANG_WARN_DOCUMENTATION_COMMENTS = YES;
				CLANG_WARN_EMPTY_BODY = YES;
				CLANG_WARN_ENUM_CONVERSION = YES;
				CLANG_WARN_INFINITE_RECURSION = YES;
				CLANG_WARN_INT_CONVERSION = YES;
				CLANG_WARN_OBJC_ROOT_CLASS = YES_ERROR;
				CLANG_WARN_SUSPICIOUS_MOVES = YES;
				CLANG_WARN_UNREACHABLE_CODE = YES;
				CLANG_WARN__DUPLICATE_METHOD_MATCH = YES;
				"CODE_SIGN_IDENTITY[sdk=iphoneos*]" = "iPhone Developer";
				COPY_PHASE_STRIP = NO;
				CURRENT_PROJECT_VERSION = 1;
				DEBUG_INFORMATION_FORMAT = "dwarf-with-dsym";
				ENABLE_NS_ASSERTIONS = NO;
				ENABLE_STRICT_OBJC_MSGSEND = YES;
				GCC_C_LANGUAGE_STANDARD = gnu99;
				GCC_NO_COMMON_BLOCKS = YES;
				GCC_WARN_64_TO_32_BIT_CONVERSION = YES;
				GCC_WARN_ABOUT_RETURN_TYPE = YES_ERROR;
				GCC_WARN_UNDECLARED_SELECTOR = YES;
				GCC_WARN_UNINITIALIZED_AUTOS = YES_AGGRESSIVE;
				GCC_WARN_UNUSED_FUNCTION = YES;
				GCC_WARN_UNUSED_VARIABLE = YES;
				IPHONEOS_DEPLOYMENT_TARGET = 10.1;
				MTL_ENABLE_DEBUG_INFO = NO;
				SDKROOT = iphoneos;
				SWIFT_OPTIMIZATION_LEVEL = "-Owholemodule";
				TARGETED_DEVICE_FAMILY = "1,2";
				VALIDATE_PRODUCT = YES;
				VERSIONING_SYSTEM = "apple-generic";
				VERSION_INFO_PREFIX = "";
			};
			name = Release;
		};
		EB10B73E1DF0D006000CCB01 /* Debug */ = {
			isa = XCBuildConfiguration;
			buildSettings = {
				CLANG_ENABLE_MODULES = YES;
				CODE_SIGN_IDENTITY = "";
				DEFINES_MODULE = YES;
				DEVELOPMENT_TEAM = J33D8ZT4XT;
				DYLIB_COMPATIBILITY_VERSION = 1;
				DYLIB_CURRENT_VERSION = 1;
				DYLIB_INSTALL_NAME_BASE = "@rpath";
				INFOPLIST_FILE = GridMapKit/Info.plist;
				INSTALL_PATH = "$(LOCAL_LIBRARY_DIR)/Frameworks";
				LD_RUNPATH_SEARCH_PATHS = "$(inherited) @executable_path/Frameworks @loader_path/Frameworks";
				PRODUCT_BUNDLE_IDENTIFIER = se.bofh.discord.GridMapKit;
				PRODUCT_NAME = "$(TARGET_NAME)";
				SKIP_INSTALL = YES;
				SWIFT_OPTIMIZATION_LEVEL = "-Onone";
				SWIFT_VERSION = 3.0;
			};
			name = Debug;
		};
		EB10B73F1DF0D006000CCB01 /* Release */ = {
			isa = XCBuildConfiguration;
			buildSettings = {
				CLANG_ENABLE_MODULES = YES;
				CODE_SIGN_IDENTITY = "";
				DEFINES_MODULE = YES;
				DEVELOPMENT_TEAM = J33D8ZT4XT;
				DYLIB_COMPATIBILITY_VERSION = 1;
				DYLIB_CURRENT_VERSION = 1;
				DYLIB_INSTALL_NAME_BASE = "@rpath";
				INFOPLIST_FILE = GridMapKit/Info.plist;
				INSTALL_PATH = "$(LOCAL_LIBRARY_DIR)/Frameworks";
				LD_RUNPATH_SEARCH_PATHS = "$(inherited) @executable_path/Frameworks @loader_path/Frameworks";
				PRODUCT_BUNDLE_IDENTIFIER = se.bofh.discord.GridMapKit;
				PRODUCT_NAME = "$(TARGET_NAME)";
				SKIP_INSTALL = YES;
				SWIFT_VERSION = 3.0;
			};
			name = Release;
		};
		EB10B7411DF0D006000CCB01 /* Debug */ = {
			isa = XCBuildConfiguration;
			buildSettings = {
				ALWAYS_EMBED_SWIFT_STANDARD_LIBRARIES = YES;
				DEVELOPMENT_TEAM = J33D8ZT4XT;
				INFOPLIST_FILE = GridMapKitTests/Info.plist;
				LD_RUNPATH_SEARCH_PATHS = "$(inherited) @executable_path/Frameworks @loader_path/Frameworks";
				PRODUCT_BUNDLE_IDENTIFIER = se.bofh.discord.GridMapKitTests;
				PRODUCT_NAME = "$(TARGET_NAME)";
				SWIFT_VERSION = 3.0;
			};
			name = Debug;
		};
		EB10B7421DF0D006000CCB01 /* Release */ = {
			isa = XCBuildConfiguration;
			buildSettings = {
				ALWAYS_EMBED_SWIFT_STANDARD_LIBRARIES = YES;
				DEVELOPMENT_TEAM = J33D8ZT4XT;
				INFOPLIST_FILE = GridMapKitTests/Info.plist;
				LD_RUNPATH_SEARCH_PATHS = "$(inherited) @executable_path/Frameworks @loader_path/Frameworks";
				PRODUCT_BUNDLE_IDENTIFIER = se.bofh.discord.GridMapKitTests;
				PRODUCT_NAME = "$(TARGET_NAME)";
				SWIFT_VERSION = 3.0;
			};
			name = Release;
		};
/* End XCBuildConfiguration section */

/* Begin XCConfigurationList section */
		EB10B7231DF0D006000CCB01 /* Build configuration list for PBXProject "GridMapKit" */ = {
			isa = XCConfigurationList;
			buildConfigurations = (
				EB10B73B1DF0D006000CCB01 /* Debug */,
				EB10B73C1DF0D006000CCB01 /* Release */,
			);
			defaultConfigurationIsVisible = 0;
			defaultConfigurationName = Release;
		};
		EB10B73D1DF0D006000CCB01 /* Build configuration list for PBXNativeTarget "GridMapKit" */ = {
			isa = XCConfigurationList;
			buildConfigurations = (
				EB10B73E1DF0D006000CCB01 /* Debug */,
				EB10B73F1DF0D006000CCB01 /* Release */,
			);
			defaultConfigurationIsVisible = 0;
			defaultConfigurationName = Release;
		};
		EB10B7401DF0D006000CCB01 /* Build configuration list for PBXNativeTarget "GridMapKitTests" */ = {
			isa = XCConfigurationList;
			buildConfigurations = (
				EB10B7411DF0D006000CCB01 /* Debug */,
				EB10B7421DF0D006000CCB01 /* Release */,
			);
			defaultConfigurationIsVisible = 0;
			defaultConfigurationName = Release;
		};
/* End XCConfigurationList section */
	};
	rootObject = EB10B7201DF0D006000CCB01 /* Project object */;
}
